/data/gent/vo/001/gvo00125/vsc43619/diel_cycles/data/assembly/rnaSPAdes/330_1/transcripts.fasta
/data/gent/vo/001/gvo00125/vsc43619/diel_cycles/data/assembly/rnaSPAdes/330_2/transcripts.fasta
/data/gent/vo/001/gvo00125/vsc43619/diel_cycles/data/assembly/rnaSPAdes/330_3/transcripts.fasta
/data/gent/vo/001/gvo00125/vsc43619/diel_cycles/data/assembly/rnaSPAdes/330_4/transcripts.fasta
/data/gent/vo/001/gvo00125/vsc43619/diel_cycles/data/assembly/rnaSPAdes/330_5/transcripts.fasta
/data/gent/vo/001/gvo00125/vsc43619/diel_cycles/data/assembly/rnaSPAdes/330_6/transcripts.fasta
/data/gent/vo/001/gvo00125/vsc43619/diel_cycles/data/assembly/rnaSPAdes/330_7/transcripts.fasta
/data/gent/vo/001/gvo00125/vsc43619/diel_cycles/data/assembly/rnaSPAdes/330_8/transcripts.fasta
/data/gent/vo/001/gvo00125/vsc43619/diel_cycles/data/assembly/rnaSPAdes/330_9/transcripts.fasta
/data/gent/vo/001/gvo00125/vsc43619/diel_cycles/data/assembly/rnaSPAdes/330_10/transcripts.fasta
/data/gent/vo/001/gvo00125/vsc43619/diel_cycles/data/assembly/rnaSPAdes/330_11/transcripts.fasta
/data/gent/vo/001/gvo00125/vsc43619/diel_cycles/data/assembly/rnaSPAdes/330_12/transcripts.fasta
/data/gent/vo/001/gvo00125/vsc43619/diel_cycles/data/assembly/rnaSPAdes/330_13/transcripts.fasta
/data/gent/vo/001/gvo00125/vsc43619/diel_cycles/data/assembly/rnaSPAdes/330_14/transcripts.fasta
/data/gent/vo/001/gvo00125/vsc43619/diel_cycles/data/assembly/rnaSPAdes/330_15/transcripts.fasta
/data/gent/vo/001/gvo00125/vsc43619/diel_cycles/data/assembly/rnaSPAdes/330_16/transcripts.fasta
/data/gent/vo/001/gvo00125/vsc43619/diel_cycles/data/assembly/rnaSPAdes/330_17/transcripts.fasta
/data/gent/vo/001/gvo00125/vsc43619/diel_cycles/data/assembly/rnaSPAdes/330_18/transcripts.fasta
/data/gent/vo/001/gvo00125/vsc43619/diel_cycles/data/assembly/rnaSPAdes/330_19/transcripts.fasta
/data/gent/vo/001/gvo00125/vsc43619/diel_cycles/data/assembly/rnaSPAdes/330_20/transcripts.fasta
/data/gent/vo/001/gvo00125/vsc43619/diel_cycles/data/assembly/rnaSPAdes/330_21/transcripts.fasta
/data/gent/vo/001/gvo00125/vsc43619/diel_cycles/data/assembly/rnaSPAdes/330_22/transcripts.fasta
/data/gent/vo/001/gvo00125/vsc43619/diel_cycles/data/assembly/rnaSPAdes/330_23/transcripts.fasta
/data/gent/vo/001/gvo00125/vsc43619/diel_cycles/data/assembly/rnaSPAdes/330_24/transcripts.fasta
/data/gent/vo/001/gvo00125/vsc43619/diel_cycles/data/assembly/rnaSPAdes/330_25/transcripts.fasta
/data/gent/vo/001/gvo00125/vsc43619/diel_cycles/data/ERCC92/ERCC92.idx
/data/gent/vo/001/gvo00125/vsc43619/diel_cycles/data/ERCC92/kallisto/330_1
/data/gent/vo/001/gvo00125/vsc43619/diel_cycles/data/ERCC92/kallisto/330_2
/data/gent/vo/001/gvo00125/vsc43619/diel_cycles/data/ERCC92/kallisto/330_3
/data/gent/vo/001/gvo00125/vsc43619/diel_cycles/data/ERCC92/kallisto/330_4
/data/gent/vo/001/gvo00125/vsc43619/diel_cycles/data/ERCC92/kallisto/330_5
/data/gent/vo/001/gvo00125/vsc43619/diel_cycles/data/ERCC92/kallisto/330_6
/data/gent/vo/001/gvo00125/vsc43619/diel_cycles/data/ERCC92/kallisto/330_7
/data/gent/vo/001/gvo00125/vsc43619/diel_cycles/data/ERCC92/kallisto/330_8
/data/gent/vo/001/gvo00125/vsc43619/diel_cycles/data/ERCC92/kallisto/330_9
/data/gent/vo/001/gvo00125/vsc43619/diel_cycles/data/ERCC92/kallisto/330_10
/data/gent/vo/001/gvo00125/vsc43619/diel_cycles/data/ERCC92/kallisto/330_11
/data/gent/vo/001/gvo00125/vsc43619/diel_cycles/data/ERCC92/kallisto/330_12
/data/gent/vo/001/gvo00125/vsc43619/diel_cycles/data/ERCC92/kallisto/330_13
/data/gent/vo/001/gvo00125/vsc43619/diel_cycles/data/ERCC92/kallisto/330_14
/data/gent/vo/001/gvo00125/vsc43619/diel_cycles/data/ERCC92/kallisto/330_15
/data/gent/vo/001/gvo00125/vsc43619/diel_cycles/data/ERCC92/kallisto/330_16
/data/gent/vo/001/gvo00125/vsc43619/diel_cycles/data/ERCC92/kallisto/330_17
/data/gent/vo/001/gvo00125/vsc43619/diel_cycles/data/ERCC92/kallisto/330_18
/data/gent/vo/001/gvo00125/vsc43619/diel_cycles/data/ERCC92/kallisto/330_19
/data/gent/vo/001/gvo00125/vsc43619/diel_cycles/data/ERCC92/kallisto/330_20
/data/gent/vo/001/gvo00125/vsc43619/diel_cycles/data/ERCC92/kallisto/330_21
/data/gent/vo/001/gvo00125/vsc43619/diel_cycles/data/ERCC92/kallisto/330_22
/data/gent/vo/001/gvo00125/vsc43619/diel_cycles/data/ERCC92/kallisto/330_23
/data/gent/vo/001/gvo00125/vsc43619/diel_cycles/data/ERCC92/kallisto/330_24
/data/gent/vo/001/gvo00125/vsc43619/diel_cycles/data/ERCC92/kallisto/330_25
/data/gent/vo/001/gvo00125/vsc43619/diel_cycles/data/assembly/rnaSPAdes/final_metatranscriptome.fasta
/data/gent/vo/001/gvo00125/vsc43619/diel_cycles/data/annotation/taxonomy_eukprot/eukprot_annotation.m8
/data/gent/vo/001/gvo00125/vsc43619/diel_cycles/data/annotation/functional_eggnog/functional_annotation.emapper.annotations
/data/gent/vo/001/gvo00125/vsc43619/diel_cycles/data/quantification/330_1
/data/gent/vo/001/gvo00125/vsc43619/diel_cycles/data/quantification/330_2
/data/gent/vo/001/gvo00125/vsc43619/diel_cycles/data/quantification/330_3
/data/gent/vo/001/gvo00125/vsc43619/diel_cycles/data/quantification/330_4
/data/gent/vo/001/gvo00125/vsc43619/diel_cycles/data/quantification/330_5
/data/gent/vo/001/gvo00125/vsc43619/diel_cycles/data/quantification/330_6
/data/gent/vo/001/gvo00125/vsc43619/diel_cycles/data/quantification/330_7
/data/gent/vo/001/gvo00125/vsc43619/diel_cycles/data/quantification/330_8
/data/gent/vo/001/gvo00125/vsc43619/diel_cycles/data/quantification/330_9
/data/gent/vo/001/gvo00125/vsc43619/diel_cycles/data/quantification/330_10
/data/gent/vo/001/gvo00125/vsc43619/diel_cycles/data/quantification/330_11
/data/gent/vo/001/gvo00125/vsc43619/diel_cycles/data/quantification/330_12
/data/gent/vo/001/gvo00125/vsc43619/diel_cycles/data/quantification/330_13
/data/gent/vo/001/gvo00125/vsc43619/diel_cycles/data/quantification/330_14
/data/gent/vo/001/gvo00125/vsc43619/diel_cycles/data/quantification/330_15
/data/gent/vo/001/gvo00125/vsc43619/diel_cycles/data/quantification/330_16
/data/gent/vo/001/gvo00125/vsc43619/diel_cycles/data/quantification/330_17
/data/gent/vo/001/gvo00125/vsc43619/diel_cycles/data/quantification/330_18
/data/gent/vo/001/gvo00125/vsc43619/diel_cycles/data/quantification/330_19
/data/gent/vo/001/gvo00125/vsc43619/diel_cycles/data/quantification/330_20
/data/gent/vo/001/gvo00125/vsc43619/diel_cycles/data/quantification/330_21
/data/gent/vo/001/gvo00125/vsc43619/diel_cycles/data/quantification/330_22
/data/gent/vo/001/gvo00125/vsc43619/diel_cycles/data/quantification/330_23
/data/gent/vo/001/gvo00125/vsc43619/diel_cycles/data/quantification/330_24
/data/gent/vo/001/gvo00125/vsc43619/diel_cycles/data/quantification/330_25
/data/gent/vo/001/gvo00125/vsc43619/diel_cycles/data/scratch/cleanup/330_1_1.clean.fastq.gz
/data/gent/vo/001/gvo00125/vsc43619/diel_cycles/data/scratch/cleanup/330_1_2.clean.fastq.gz
/data/gent/vo/001/gvo00125/vsc43619/diel_cycles/data/scratch/cleanup/330_1_1.rRNA_removed.fastq.gz
/data/gent/vo/001/gvo00125/vsc43619/diel_cycles/data/scratch/cleanup/330_1_2.rRNA_removed.fastq.gz
/data/gent/vo/001/gvo00125/vsc43619/diel_cycles/data/scratch/trimmed/330_1_1.trimmed.fastq.gz
/data/gent/vo/001/gvo00125/vsc43619/diel_cycles/data/scratch/trimmed/330_1_2.trimmed.fastq.gz
/data/gent/vo/001/gvo00125/vsc43619/diel_cycles/data/raw/330_1_1.fastq.gz
/data/gent/vo/001/gvo00125/vsc43619/diel_cycles/data/raw/330_1_2.fastq.gz
/data/gent/vo/001/gvo00125/vsc43619/diel_cycles/data/scratch/cleanup/330_2_1.clean.fastq.gz
/data/gent/vo/001/gvo00125/vsc43619/diel_cycles/data/scratch/cleanup/330_2_2.clean.fastq.gz
/data/gent/vo/001/gvo00125/vsc43619/diel_cycles/data/scratch/cleanup/330_2_1.rRNA_removed.fastq.gz
/data/gent/vo/001/gvo00125/vsc43619/diel_cycles/data/scratch/cleanup/330_2_2.rRNA_removed.fastq.gz
/data/gent/vo/001/gvo00125/vsc43619/diel_cycles/data/scratch/trimmed/330_2_1.trimmed.fastq.gz
/data/gent/vo/001/gvo00125/vsc43619/diel_cycles/data/scratch/trimmed/330_2_2.trimmed.fastq.gz
/data/gent/vo/001/gvo00125/vsc43619/diel_cycles/data/raw/330_2_1.fastq.gz
/data/gent/vo/001/gvo00125/vsc43619/diel_cycles/data/raw/330_2_2.fastq.gz
/data/gent/vo/001/gvo00125/vsc43619/diel_cycles/data/scratch/cleanup/330_3_1.clean.fastq.gz
/data/gent/vo/001/gvo00125/vsc43619/diel_cycles/data/scratch/cleanup/330_3_2.clean.fastq.gz
/data/gent/vo/001/gvo00125/vsc43619/diel_cycles/data/scratch/cleanup/330_3_1.rRNA_removed.fastq.gz
/data/gent/vo/001/gvo00125/vsc43619/diel_cycles/data/scratch/cleanup/330_3_2.rRNA_removed.fastq.gz
/data/gent/vo/001/gvo00125/vsc43619/diel_cycles/data/scratch/trimmed/330_3_1.trimmed.fastq.gz
/data/gent/vo/001/gvo00125/vsc43619/diel_cycles/data/scratch/trimmed/330_3_2.trimmed.fastq.gz
/data/gent/vo/001/gvo00125/vsc43619/diel_cycles/data/raw/330_3_1.fastq.gz
/data/gent/vo/001/gvo00125/vsc43619/diel_cycles/data/raw/330_3_2.fastq.gz
/data/gent/vo/001/gvo00125/vsc43619/diel_cycles/data/scratch/cleanup/330_4_1.clean.fastq.gz
/data/gent/vo/001/gvo00125/vsc43619/diel_cycles/data/scratch/cleanup/330_4_2.clean.fastq.gz
/data/gent/vo/001/gvo00125/vsc43619/diel_cycles/data/scratch/cleanup/330_4_1.rRNA_removed.fastq.gz
/data/gent/vo/001/gvo00125/vsc43619/diel_cycles/data/scratch/cleanup/330_4_2.rRNA_removed.fastq.gz
/data/gent/vo/001/gvo00125/vsc43619/diel_cycles/data/scratch/trimmed/330_4_1.trimmed.fastq.gz
/data/gent/vo/001/gvo00125/vsc43619/diel_cycles/data/scratch/trimmed/330_4_2.trimmed.fastq.gz
/data/gent/vo/001/gvo00125/vsc43619/diel_cycles/data/raw/330_4_1.fastq.gz
/data/gent/vo/001/gvo00125/vsc43619/diel_cycles/data/raw/330_4_2.fastq.gz
/data/gent/vo/001/gvo00125/vsc43619/diel_cycles/data/scratch/cleanup/330_5_1.clean.fastq.gz
/data/gent/vo/001/gvo00125/vsc43619/diel_cycles/data/scratch/cleanup/330_5_2.clean.fastq.gz
/data/gent/vo/001/gvo00125/vsc43619/diel_cycles/data/scratch/cleanup/330_5_1.rRNA_removed.fastq.gz
/data/gent/vo/001/gvo00125/vsc43619/diel_cycles/data/scratch/cleanup/330_5_2.rRNA_removed.fastq.gz
/data/gent/vo/001/gvo00125/vsc43619/diel_cycles/data/scratch/trimmed/330_5_1.trimmed.fastq.gz
/data/gent/vo/001/gvo00125/vsc43619/diel_cycles/data/scratch/trimmed/330_5_2.trimmed.fastq.gz
/data/gent/vo/001/gvo00125/vsc43619/diel_cycles/data/raw/330_5_1.fastq.gz
/data/gent/vo/001/gvo00125/vsc43619/diel_cycles/data/raw/330_5_2.fastq.gz
/data/gent/vo/001/gvo00125/vsc43619/diel_cycles/data/scratch/cleanup/330_6_1.clean.fastq.gz
/data/gent/vo/001/gvo00125/vsc43619/diel_cycles/data/scratch/cleanup/330_6_2.clean.fastq.gz
/data/gent/vo/001/gvo00125/vsc43619/diel_cycles/data/scratch/cleanup/330_6_1.rRNA_removed.fastq.gz
/data/gent/vo/001/gvo00125/vsc43619/diel_cycles/data/scratch/cleanup/330_6_2.rRNA_removed.fastq.gz
/data/gent/vo/001/gvo00125/vsc43619/diel_cycles/data/scratch/trimmed/330_6_1.trimmed.fastq.gz
/data/gent/vo/001/gvo00125/vsc43619/diel_cycles/data/scratch/trimmed/330_6_2.trimmed.fastq.gz
/data/gent/vo/001/gvo00125/vsc43619/diel_cycles/data/raw/330_6_1.fastq.gz
/data/gent/vo/001/gvo00125/vsc43619/diel_cycles/data/raw/330_6_2.fastq.gz
/data/gent/vo/001/gvo00125/vsc43619/diel_cycles/data/scratch/cleanup/330_7_1.clean.fastq.gz
/data/gent/vo/001/gvo00125/vsc43619/diel_cycles/data/scratch/cleanup/330_7_2.clean.fastq.gz
/data/gent/vo/001/gvo00125/vsc43619/diel_cycles/data/scratch/cleanup/330_7_1.rRNA_removed.fastq.gz
/data/gent/vo/001/gvo00125/vsc43619/diel_cycles/data/scratch/cleanup/330_7_2.rRNA_removed.fastq.gz
/data/gent/vo/001/gvo00125/vsc43619/diel_cycles/data/scratch/trimmed/330_7_1.trimmed.fastq.gz
/data/gent/vo/001/gvo00125/vsc43619/diel_cycles/data/scratch/trimmed/330_7_2.trimmed.fastq.gz
/data/gent/vo/001/gvo00125/vsc43619/diel_cycles/data/raw/330_7_1.fastq.gz
/data/gent/vo/001/gvo00125/vsc43619/diel_cycles/data/raw/330_7_2.fastq.gz
/data/gent/vo/001/gvo00125/vsc43619/diel_cycles/data/scratch/cleanup/330_8_1.clean.fastq.gz
/data/gent/vo/001/gvo00125/vsc43619/diel_cycles/data/scratch/cleanup/330_8_2.clean.fastq.gz
/data/gent/vo/001/gvo00125/vsc43619/diel_cycles/data/scratch/cleanup/330_8_1.rRNA_removed.fastq.gz
/data/gent/vo/001/gvo00125/vsc43619/diel_cycles/data/scratch/cleanup/330_8_2.rRNA_removed.fastq.gz
/data/gent/vo/001/gvo00125/vsc43619/diel_cycles/data/scratch/trimmed/330_8_1.trimmed.fastq.gz
/data/gent/vo/001/gvo00125/vsc43619/diel_cycles/data/scratch/trimmed/330_8_2.trimmed.fastq.gz
/data/gent/vo/001/gvo00125/vsc43619/diel_cycles/data/raw/330_8_1.fastq.gz
/data/gent/vo/001/gvo00125/vsc43619/diel_cycles/data/raw/330_8_2.fastq.gz
/data/gent/vo/001/gvo00125/vsc43619/diel_cycles/data/scratch/cleanup/330_9_1.clean.fastq.gz
/data/gent/vo/001/gvo00125/vsc43619/diel_cycles/data/scratch/cleanup/330_9_2.clean.fastq.gz
/data/gent/vo/001/gvo00125/vsc43619/diel_cycles/data/scratch/cleanup/330_9_1.rRNA_removed.fastq.gz
/data/gent/vo/001/gvo00125/vsc43619/diel_cycles/data/scratch/cleanup/330_9_2.rRNA_removed.fastq.gz
/data/gent/vo/001/gvo00125/vsc43619/diel_cycles/data/scratch/trimmed/330_9_1.trimmed.fastq.gz
/data/gent/vo/001/gvo00125/vsc43619/diel_cycles/data/scratch/trimmed/330_9_2.trimmed.fastq.gz
/data/gent/vo/001/gvo00125/vsc43619/diel_cycles/data/raw/330_9_1.fastq.gz
/data/gent/vo/001/gvo00125/vsc43619/diel_cycles/data/raw/330_9_2.fastq.gz
/data/gent/vo/001/gvo00125/vsc43619/diel_cycles/data/scratch/cleanup/330_10_1.clean.fastq.gz
/data/gent/vo/001/gvo00125/vsc43619/diel_cycles/data/scratch/cleanup/330_10_2.clean.fastq.gz
/data/gent/vo/001/gvo00125/vsc43619/diel_cycles/data/scratch/cleanup/330_10_1.rRNA_removed.fastq.gz
/data/gent/vo/001/gvo00125/vsc43619/diel_cycles/data/scratch/cleanup/330_10_2.rRNA_removed.fastq.gz
/data/gent/vo/001/gvo00125/vsc43619/diel_cycles/data/scratch/trimmed/330_10_1.trimmed.fastq.gz
/data/gent/vo/001/gvo00125/vsc43619/diel_cycles/data/scratch/trimmed/330_10_2.trimmed.fastq.gz
/data/gent/vo/001/gvo00125/vsc43619/diel_cycles/data/raw/330_10_1.fastq.gz
/data/gent/vo/001/gvo00125/vsc43619/diel_cycles/data/raw/330_10_2.fastq.gz
/data/gent/vo/001/gvo00125/vsc43619/diel_cycles/data/scratch/cleanup/330_11_1.clean.fastq.gz
/data/gent/vo/001/gvo00125/vsc43619/diel_cycles/data/scratch/cleanup/330_11_2.clean.fastq.gz
/data/gent/vo/001/gvo00125/vsc43619/diel_cycles/data/scratch/cleanup/330_11_1.rRNA_removed.fastq.gz
/data/gent/vo/001/gvo00125/vsc43619/diel_cycles/data/scratch/cleanup/330_11_2.rRNA_removed.fastq.gz
/data/gent/vo/001/gvo00125/vsc43619/diel_cycles/data/scratch/trimmed/330_11_1.trimmed.fastq.gz
/data/gent/vo/001/gvo00125/vsc43619/diel_cycles/data/scratch/trimmed/330_11_2.trimmed.fastq.gz
/data/gent/vo/001/gvo00125/vsc43619/diel_cycles/data/raw/330_11_1.fastq.gz
/data/gent/vo/001/gvo00125/vsc43619/diel_cycles/data/raw/330_11_2.fastq.gz
/data/gent/vo/001/gvo00125/vsc43619/diel_cycles/data/scratch/cleanup/330_12_1.clean.fastq.gz
/data/gent/vo/001/gvo00125/vsc43619/diel_cycles/data/scratch/cleanup/330_12_2.clean.fastq.gz
/data/gent/vo/001/gvo00125/vsc43619/diel_cycles/data/scratch/cleanup/330_12_1.rRNA_removed.fastq.gz
/data/gent/vo/001/gvo00125/vsc43619/diel_cycles/data/scratch/cleanup/330_12_2.rRNA_removed.fastq.gz
/data/gent/vo/001/gvo00125/vsc43619/diel_cycles/data/scratch/trimmed/330_12_1.trimmed.fastq.gz
/data/gent/vo/001/gvo00125/vsc43619/diel_cycles/data/scratch/trimmed/330_12_2.trimmed.fastq.gz
/data/gent/vo/001/gvo00125/vsc43619/diel_cycles/data/raw/330_12_1.fastq.gz
/data/gent/vo/001/gvo00125/vsc43619/diel_cycles/data/raw/330_12_2.fastq.gz
/data/gent/vo/001/gvo00125/vsc43619/diel_cycles/data/scratch/cleanup/330_13_1.clean.fastq.gz
/data/gent/vo/001/gvo00125/vsc43619/diel_cycles/data/scratch/cleanup/330_13_2.clean.fastq.gz
/data/gent/vo/001/gvo00125/vsc43619/diel_cycles/data/scratch/cleanup/330_13_1.rRNA_removed.fastq.gz
/data/gent/vo/001/gvo00125/vsc43619/diel_cycles/data/scratch/cleanup/330_13_2.rRNA_removed.fastq.gz
/data/gent/vo/001/gvo00125/vsc43619/diel_cycles/data/scratch/trimmed/330_13_1.trimmed.fastq.gz
/data/gent/vo/001/gvo00125/vsc43619/diel_cycles/data/scratch/trimmed/330_13_2.trimmed.fastq.gz
/data/gent/vo/001/gvo00125/vsc43619/diel_cycles/data/raw/330_13_1.fastq.gz
/data/gent/vo/001/gvo00125/vsc43619/diel_cycles/data/raw/330_13_2.fastq.gz
/data/gent/vo/001/gvo00125/vsc43619/diel_cycles/data/scratch/cleanup/330_14_1.clean.fastq.gz
/data/gent/vo/001/gvo00125/vsc43619/diel_cycles/data/scratch/cleanup/330_14_2.clean.fastq.gz
/data/gent/vo/001/gvo00125/vsc43619/diel_cycles/data/scratch/cleanup/330_14_1.rRNA_removed.fastq.gz
/data/gent/vo/001/gvo00125/vsc43619/diel_cycles/data/scratch/cleanup/330_14_2.rRNA_removed.fastq.gz
/data/gent/vo/001/gvo00125/vsc43619/diel_cycles/data/scratch/trimmed/330_14_1.trimmed.fastq.gz
/data/gent/vo/001/gvo00125/vsc43619/diel_cycles/data/scratch/trimmed/330_14_2.trimmed.fastq.gz
/data/gent/vo/001/gvo00125/vsc43619/diel_cycles/data/raw/330_14_1.fastq.gz
/data/gent/vo/001/gvo00125/vsc43619/diel_cycles/data/raw/330_14_2.fastq.gz
/data/gent/vo/001/gvo00125/vsc43619/diel_cycles/data/scratch/cleanup/330_15_1.clean.fastq.gz
/data/gent/vo/001/gvo00125/vsc43619/diel_cycles/data/scratch/cleanup/330_15_2.clean.fastq.gz
/data/gent/vo/001/gvo00125/vsc43619/diel_cycles/data/scratch/cleanup/330_15_1.rRNA_removed.fastq.gz
/data/gent/vo/001/gvo00125/vsc43619/diel_cycles/data/scratch/cleanup/330_15_2.rRNA_removed.fastq.gz
/data/gent/vo/001/gvo00125/vsc43619/diel_cycles/data/scratch/trimmed/330_15_1.trimmed.fastq.gz
/data/gent/vo/001/gvo00125/vsc43619/diel_cycles/data/scratch/trimmed/330_15_2.trimmed.fastq.gz
/data/gent/vo/001/gvo00125/vsc43619/diel_cycles/data/raw/330_15_1.fastq.gz
/data/gent/vo/001/gvo00125/vsc43619/diel_cycles/data/raw/330_15_2.fastq.gz
/data/gent/vo/001/gvo00125/vsc43619/diel_cycles/data/scratch/cleanup/330_16_1.clean.fastq.gz
/data/gent/vo/001/gvo00125/vsc43619/diel_cycles/data/scratch/cleanup/330_16_2.clean.fastq.gz
/data/gent/vo/001/gvo00125/vsc43619/diel_cycles/data/scratch/cleanup/330_16_1.rRNA_removed.fastq.gz
/data/gent/vo/001/gvo00125/vsc43619/diel_cycles/data/scratch/cleanup/330_16_2.rRNA_removed.fastq.gz
/data/gent/vo/001/gvo00125/vsc43619/diel_cycles/data/scratch/trimmed/330_16_1.trimmed.fastq.gz
/data/gent/vo/001/gvo00125/vsc43619/diel_cycles/data/scratch/trimmed/330_16_2.trimmed.fastq.gz
/data/gent/vo/001/gvo00125/vsc43619/diel_cycles/data/raw/330_16_1.fastq.gz
/data/gent/vo/001/gvo00125/vsc43619/diel_cycles/data/raw/330_16_2.fastq.gz
/data/gent/vo/001/gvo00125/vsc43619/diel_cycles/data/scratch/cleanup/330_17_1.clean.fastq.gz
/data/gent/vo/001/gvo00125/vsc43619/diel_cycles/data/scratch/cleanup/330_17_2.clean.fastq.gz
/data/gent/vo/001/gvo00125/vsc43619/diel_cycles/data/scratch/cleanup/330_17_1.rRNA_removed.fastq.gz
/data/gent/vo/001/gvo00125/vsc43619/diel_cycles/data/scratch/cleanup/330_17_2.rRNA_removed.fastq.gz
/data/gent/vo/001/gvo00125/vsc43619/diel_cycles/data/scratch/trimmed/330_17_1.trimmed.fastq.gz
/data/gent/vo/001/gvo00125/vsc43619/diel_cycles/data/scratch/trimmed/330_17_2.trimmed.fastq.gz
/data/gent/vo/001/gvo00125/vsc43619/diel_cycles/data/raw/330_17_1.fastq.gz
/data/gent/vo/001/gvo00125/vsc43619/diel_cycles/data/raw/330_17_2.fastq.gz
/data/gent/vo/001/gvo00125/vsc43619/diel_cycles/data/scratch/cleanup/330_18_1.clean.fastq.gz
/data/gent/vo/001/gvo00125/vsc43619/diel_cycles/data/scratch/cleanup/330_18_2.clean.fastq.gz
/data/gent/vo/001/gvo00125/vsc43619/diel_cycles/data/scratch/cleanup/330_18_1.rRNA_removed.fastq.gz
/data/gent/vo/001/gvo00125/vsc43619/diel_cycles/data/scratch/cleanup/330_18_2.rRNA_removed.fastq.gz
/data/gent/vo/001/gvo00125/vsc43619/diel_cycles/data/scratch/trimmed/330_18_1.trimmed.fastq.gz
/data/gent/vo/001/gvo00125/vsc43619/diel_cycles/data/scratch/trimmed/330_18_2.trimmed.fastq.gz
/data/gent/vo/001/gvo00125/vsc43619/diel_cycles/data/raw/330_18_1.fastq.gz
/data/gent/vo/001/gvo00125/vsc43619/diel_cycles/data/raw/330_18_2.fastq.gz
/data/gent/vo/001/gvo00125/vsc43619/diel_cycles/data/scratch/cleanup/330_19_1.clean.fastq.gz
/data/gent/vo/001/gvo00125/vsc43619/diel_cycles/data/scratch/cleanup/330_19_2.clean.fastq.gz
/data/gent/vo/001/gvo00125/vsc43619/diel_cycles/data/scratch/cleanup/330_19_1.rRNA_removed.fastq.gz
/data/gent/vo/001/gvo00125/vsc43619/diel_cycles/data/scratch/cleanup/330_19_2.rRNA_removed.fastq.gz
/data/gent/vo/001/gvo00125/vsc43619/diel_cycles/data/scratch/trimmed/330_19_1.trimmed.fastq.gz
/data/gent/vo/001/gvo00125/vsc43619/diel_cycles/data/scratch/trimmed/330_19_2.trimmed.fastq.gz
/data/gent/vo/001/gvo00125/vsc43619/diel_cycles/data/raw/330_19_1.fastq.gz
/data/gent/vo/001/gvo00125/vsc43619/diel_cycles/data/raw/330_19_2.fastq.gz
/data/gent/vo/001/gvo00125/vsc43619/diel_cycles/data/scratch/cleanup/330_20_1.clean.fastq.gz
/data/gent/vo/001/gvo00125/vsc43619/diel_cycles/data/scratch/cleanup/330_20_2.clean.fastq.gz
/data/gent/vo/001/gvo00125/vsc43619/diel_cycles/data/scratch/cleanup/330_20_1.rRNA_removed.fastq.gz
/data/gent/vo/001/gvo00125/vsc43619/diel_cycles/data/scratch/cleanup/330_20_2.rRNA_removed.fastq.gz
/data/gent/vo/001/gvo00125/vsc43619/diel_cycles/data/scratch/trimmed/330_20_1.trimmed.fastq.gz
/data/gent/vo/001/gvo00125/vsc43619/diel_cycles/data/scratch/trimmed/330_20_2.trimmed.fastq.gz
/data/gent/vo/001/gvo00125/vsc43619/diel_cycles/data/raw/330_20_1.fastq.gz
/data/gent/vo/001/gvo00125/vsc43619/diel_cycles/data/raw/330_20_2.fastq.gz
/data/gent/vo/001/gvo00125/vsc43619/diel_cycles/data/scratch/cleanup/330_21_1.clean.fastq.gz
/data/gent/vo/001/gvo00125/vsc43619/diel_cycles/data/scratch/cleanup/330_21_2.clean.fastq.gz
/data/gent/vo/001/gvo00125/vsc43619/diel_cycles/data/scratch/cleanup/330_21_1.rRNA_removed.fastq.gz
/data/gent/vo/001/gvo00125/vsc43619/diel_cycles/data/scratch/cleanup/330_21_2.rRNA_removed.fastq.gz
/data/gent/vo/001/gvo00125/vsc43619/diel_cycles/data/scratch/trimmed/330_21_1.trimmed.fastq.gz
/data/gent/vo/001/gvo00125/vsc43619/diel_cycles/data/scratch/trimmed/330_21_2.trimmed.fastq.gz
/data/gent/vo/001/gvo00125/vsc43619/diel_cycles/data/raw/330_21_1.fastq.gz
/data/gent/vo/001/gvo00125/vsc43619/diel_cycles/data/raw/330_21_2.fastq.gz
/data/gent/vo/001/gvo00125/vsc43619/diel_cycles/data/scratch/cleanup/330_22_1.clean.fastq.gz
/data/gent/vo/001/gvo00125/vsc43619/diel_cycles/data/scratch/cleanup/330_22_2.clean.fastq.gz
/data/gent/vo/001/gvo00125/vsc43619/diel_cycles/data/scratch/cleanup/330_22_1.rRNA_removed.fastq.gz
/data/gent/vo/001/gvo00125/vsc43619/diel_cycles/data/scratch/cleanup/330_22_2.rRNA_removed.fastq.gz
/data/gent/vo/001/gvo00125/vsc43619/diel_cycles/data/scratch/trimmed/330_22_1.trimmed.fastq.gz
/data/gent/vo/001/gvo00125/vsc43619/diel_cycles/data/scratch/trimmed/330_22_2.trimmed.fastq.gz
/data/gent/vo/001/gvo00125/vsc43619/diel_cycles/data/raw/330_22_1.fastq.gz
/data/gent/vo/001/gvo00125/vsc43619/diel_cycles/data/raw/330_22_2.fastq.gz
/data/gent/vo/001/gvo00125/vsc43619/diel_cycles/data/scratch/cleanup/330_23_1.clean.fastq.gz
/data/gent/vo/001/gvo00125/vsc43619/diel_cycles/data/scratch/cleanup/330_23_2.clean.fastq.gz
/data/gent/vo/001/gvo00125/vsc43619/diel_cycles/data/scratch/cleanup/330_23_1.rRNA_removed.fastq.gz
/data/gent/vo/001/gvo00125/vsc43619/diel_cycles/data/scratch/cleanup/330_23_2.rRNA_removed.fastq.gz
/data/gent/vo/001/gvo00125/vsc43619/diel_cycles/data/scratch/trimmed/330_23_1.trimmed.fastq.gz
/data/gent/vo/001/gvo00125/vsc43619/diel_cycles/data/scratch/trimmed/330_23_2.trimmed.fastq.gz
/data/gent/vo/001/gvo00125/vsc43619/diel_cycles/data/raw/330_23_1.fastq.gz
/data/gent/vo/001/gvo00125/vsc43619/diel_cycles/data/raw/330_23_2.fastq.gz
/data/gent/vo/001/gvo00125/vsc43619/diel_cycles/data/scratch/cleanup/330_24_1.clean.fastq.gz
/data/gent/vo/001/gvo00125/vsc43619/diel_cycles/data/scratch/cleanup/330_24_2.clean.fastq.gz
/data/gent/vo/001/gvo00125/vsc43619/diel_cycles/data/scratch/cleanup/330_24_1.rRNA_removed.fastq.gz
/data/gent/vo/001/gvo00125/vsc43619/diel_cycles/data/scratch/cleanup/330_24_2.rRNA_removed.fastq.gz
/data/gent/vo/001/gvo00125/vsc43619/diel_cycles/data/scratch/trimmed/330_24_1.trimmed.fastq.gz
/data/gent/vo/001/gvo00125/vsc43619/diel_cycles/data/scratch/trimmed/330_24_2.trimmed.fastq.gz
/data/gent/vo/001/gvo00125/vsc43619/diel_cycles/data/raw/330_24_1.fastq.gz
/data/gent/vo/001/gvo00125/vsc43619/diel_cycles/data/raw/330_24_2.fastq.gz
/data/gent/vo/001/gvo00125/vsc43619/diel_cycles/data/scratch/cleanup/330_25_1.clean.fastq.gz
/data/gent/vo/001/gvo00125/vsc43619/diel_cycles/data/scratch/cleanup/330_25_2.clean.fastq.gz
/data/gent/vo/001/gvo00125/vsc43619/diel_cycles/data/scratch/cleanup/330_25_1.rRNA_removed.fastq.gz
/data/gent/vo/001/gvo00125/vsc43619/diel_cycles/data/scratch/cleanup/330_25_2.rRNA_removed.fastq.gz
/data/gent/vo/001/gvo00125/vsc43619/diel_cycles/data/scratch/trimmed/330_25_1.trimmed.fastq.gz
/data/gent/vo/001/gvo00125/vsc43619/diel_cycles/data/scratch/trimmed/330_25_2.trimmed.fastq.gz
/data/gent/vo/001/gvo00125/vsc43619/diel_cycles/data/raw/330_25_1.fastq.gz
/data/gent/vo/001/gvo00125/vsc43619/diel_cycles/data/raw/330_25_2.fastq.gz
/data/gent/vo/001/gvo00125/vsc43619/diel_cycles/data/ERCC92/ERCC92.fa
/data/gent/vo/001/gvo00125/vsc43619/diel_cycles/data/scratch/cleanup/330_1_1.rRNA_removed.fastq.gz
/data/gent/vo/001/gvo00125/vsc43619/diel_cycles/data/scratch/cleanup/330_1_2.rRNA_removed.fastq.gz
/data/gent/vo/001/gvo00125/vsc43619/diel_cycles/data/ERCC92/ERCC92.idx
/data/gent/vo/001/gvo00125/vsc43619/diel_cycles/data/scratch/cleanup/330_2_1.rRNA_removed.fastq.gz
/data/gent/vo/001/gvo00125/vsc43619/diel_cycles/data/scratch/cleanup/330_2_2.rRNA_removed.fastq.gz
/data/gent/vo/001/gvo00125/vsc43619/diel_cycles/data/ERCC92/ERCC92.idx
/data/gent/vo/001/gvo00125/vsc43619/diel_cycles/data/scratch/cleanup/330_3_1.rRNA_removed.fastq.gz
/data/gent/vo/001/gvo00125/vsc43619/diel_cycles/data/scratch/cleanup/330_3_2.rRNA_removed.fastq.gz
/data/gent/vo/001/gvo00125/vsc43619/diel_cycles/data/ERCC92/ERCC92.idx
/data/gent/vo/001/gvo00125/vsc43619/diel_cycles/data/scratch/cleanup/330_4_1.rRNA_removed.fastq.gz
/data/gent/vo/001/gvo00125/vsc43619/diel_cycles/data/scratch/cleanup/330_4_2.rRNA_removed.fastq.gz
/data/gent/vo/001/gvo00125/vsc43619/diel_cycles/data/ERCC92/ERCC92.idx
/data/gent/vo/001/gvo00125/vsc43619/diel_cycles/data/scratch/cleanup/330_5_1.rRNA_removed.fastq.gz
/data/gent/vo/001/gvo00125/vsc43619/diel_cycles/data/scratch/cleanup/330_5_2.rRNA_removed.fastq.gz
/data/gent/vo/001/gvo00125/vsc43619/diel_cycles/data/ERCC92/ERCC92.idx
/data/gent/vo/001/gvo00125/vsc43619/diel_cycles/data/scratch/cleanup/330_6_1.rRNA_removed.fastq.gz
/data/gent/vo/001/gvo00125/vsc43619/diel_cycles/data/scratch/cleanup/330_6_2.rRNA_removed.fastq.gz
/data/gent/vo/001/gvo00125/vsc43619/diel_cycles/data/ERCC92/ERCC92.idx
/data/gent/vo/001/gvo00125/vsc43619/diel_cycles/data/scratch/cleanup/330_7_1.rRNA_removed.fastq.gz
/data/gent/vo/001/gvo00125/vsc43619/diel_cycles/data/scratch/cleanup/330_7_2.rRNA_removed.fastq.gz
/data/gent/vo/001/gvo00125/vsc43619/diel_cycles/data/ERCC92/ERCC92.idx
/data/gent/vo/001/gvo00125/vsc43619/diel_cycles/data/scratch/cleanup/330_8_1.rRNA_removed.fastq.gz
/data/gent/vo/001/gvo00125/vsc43619/diel_cycles/data/scratch/cleanup/330_8_2.rRNA_removed.fastq.gz
/data/gent/vo/001/gvo00125/vsc43619/diel_cycles/data/ERCC92/ERCC92.idx
/data/gent/vo/001/gvo00125/vsc43619/diel_cycles/data/scratch/cleanup/330_9_1.rRNA_removed.fastq.gz
/data/gent/vo/001/gvo00125/vsc43619/diel_cycles/data/scratch/cleanup/330_9_2.rRNA_removed.fastq.gz
/data/gent/vo/001/gvo00125/vsc43619/diel_cycles/data/ERCC92/ERCC92.idx
/data/gent/vo/001/gvo00125/vsc43619/diel_cycles/data/scratch/cleanup/330_10_1.rRNA_removed.fastq.gz
/data/gent/vo/001/gvo00125/vsc43619/diel_cycles/data/scratch/cleanup/330_10_2.rRNA_removed.fastq.gz
/data/gent/vo/001/gvo00125/vsc43619/diel_cycles/data/ERCC92/ERCC92.idx
/data/gent/vo/001/gvo00125/vsc43619/diel_cycles/data/scratch/cleanup/330_11_1.rRNA_removed.fastq.gz
/data/gent/vo/001/gvo00125/vsc43619/diel_cycles/data/scratch/cleanup/330_11_2.rRNA_removed.fastq.gz
/data/gent/vo/001/gvo00125/vsc43619/diel_cycles/data/ERCC92/ERCC92.idx
/data/gent/vo/001/gvo00125/vsc43619/diel_cycles/data/scratch/cleanup/330_12_1.rRNA_removed.fastq.gz
/data/gent/vo/001/gvo00125/vsc43619/diel_cycles/data/scratch/cleanup/330_12_2.rRNA_removed.fastq.gz
/data/gent/vo/001/gvo00125/vsc43619/diel_cycles/data/ERCC92/ERCC92.idx
/data/gent/vo/001/gvo00125/vsc43619/diel_cycles/data/scratch/cleanup/330_13_1.rRNA_removed.fastq.gz
/data/gent/vo/001/gvo00125/vsc43619/diel_cycles/data/scratch/cleanup/330_13_2.rRNA_removed.fastq.gz
/data/gent/vo/001/gvo00125/vsc43619/diel_cycles/data/ERCC92/ERCC92.idx
/data/gent/vo/001/gvo00125/vsc43619/diel_cycles/data/scratch/cleanup/330_14_1.rRNA_removed.fastq.gz
/data/gent/vo/001/gvo00125/vsc43619/diel_cycles/data/scratch/cleanup/330_14_2.rRNA_removed.fastq.gz
/data/gent/vo/001/gvo00125/vsc43619/diel_cycles/data/ERCC92/ERCC92.idx
/data/gent/vo/001/gvo00125/vsc43619/diel_cycles/data/scratch/cleanup/330_15_1.rRNA_removed.fastq.gz
/data/gent/vo/001/gvo00125/vsc43619/diel_cycles/data/scratch/cleanup/330_15_2.rRNA_removed.fastq.gz
/data/gent/vo/001/gvo00125/vsc43619/diel_cycles/data/ERCC92/ERCC92.idx
/data/gent/vo/001/gvo00125/vsc43619/diel_cycles/data/scratch/cleanup/330_16_1.rRNA_removed.fastq.gz
/data/gent/vo/001/gvo00125/vsc43619/diel_cycles/data/scratch/cleanup/330_16_2.rRNA_removed.fastq.gz
/data/gent/vo/001/gvo00125/vsc43619/diel_cycles/data/ERCC92/ERCC92.idx
/data/gent/vo/001/gvo00125/vsc43619/diel_cycles/data/scratch/cleanup/330_17_1.rRNA_removed.fastq.gz
/data/gent/vo/001/gvo00125/vsc43619/diel_cycles/data/scratch/cleanup/330_17_2.rRNA_removed.fastq.gz
/data/gent/vo/001/gvo00125/vsc43619/diel_cycles/data/ERCC92/ERCC92.idx
/data/gent/vo/001/gvo00125/vsc43619/diel_cycles/data/scratch/cleanup/330_18_1.rRNA_removed.fastq.gz
/data/gent/vo/001/gvo00125/vsc43619/diel_cycles/data/scratch/cleanup/330_18_2.rRNA_removed.fastq.gz
/data/gent/vo/001/gvo00125/vsc43619/diel_cycles/data/ERCC92/ERCC92.idx
/data/gent/vo/001/gvo00125/vsc43619/diel_cycles/data/scratch/cleanup/330_19_1.rRNA_removed.fastq.gz
/data/gent/vo/001/gvo00125/vsc43619/diel_cycles/data/scratch/cleanup/330_19_2.rRNA_removed.fastq.gz
/data/gent/vo/001/gvo00125/vsc43619/diel_cycles/data/ERCC92/ERCC92.idx
/data/gent/vo/001/gvo00125/vsc43619/diel_cycles/data/scratch/cleanup/330_20_1.rRNA_removed.fastq.gz
/data/gent/vo/001/gvo00125/vsc43619/diel_cycles/data/scratch/cleanup/330_20_2.rRNA_removed.fastq.gz
/data/gent/vo/001/gvo00125/vsc43619/diel_cycles/data/ERCC92/ERCC92.idx
/data/gent/vo/001/gvo00125/vsc43619/diel_cycles/data/scratch/cleanup/330_21_1.rRNA_removed.fastq.gz
/data/gent/vo/001/gvo00125/vsc43619/diel_cycles/data/scratch/cleanup/330_21_2.rRNA_removed.fastq.gz
/data/gent/vo/001/gvo00125/vsc43619/diel_cycles/data/ERCC92/ERCC92.idx
/data/gent/vo/001/gvo00125/vsc43619/diel_cycles/data/scratch/cleanup/330_22_1.rRNA_removed.fastq.gz
/data/gent/vo/001/gvo00125/vsc43619/diel_cycles/data/scratch/cleanup/330_22_2.rRNA_removed.fastq.gz
/data/gent/vo/001/gvo00125/vsc43619/diel_cycles/data/ERCC92/ERCC92.idx
/data/gent/vo/001/gvo00125/vsc43619/diel_cycles/data/scratch/cleanup/330_23_1.rRNA_removed.fastq.gz
/data/gent/vo/001/gvo00125/vsc43619/diel_cycles/data/scratch/cleanup/330_23_2.rRNA_removed.fastq.gz
/data/gent/vo/001/gvo00125/vsc43619/diel_cycles/data/ERCC92/ERCC92.idx
/data/gent/vo/001/gvo00125/vsc43619/diel_cycles/data/scratch/cleanup/330_24_1.rRNA_removed.fastq.gz
/data/gent/vo/001/gvo00125/vsc43619/diel_cycles/data/scratch/cleanup/330_24_2.rRNA_removed.fastq.gz
/data/gent/vo/001/gvo00125/vsc43619/diel_cycles/data/ERCC92/ERCC92.idx
/data/gent/vo/001/gvo00125/vsc43619/diel_cycles/data/scratch/cleanup/330_25_1.rRNA_removed.fastq.gz
/data/gent/vo/001/gvo00125/vsc43619/diel_cycles/data/scratch/cleanup/330_25_2.rRNA_removed.fastq.gz
/data/gent/vo/001/gvo00125/vsc43619/diel_cycles/data/ERCC92/ERCC92.idx
/data/gent/vo/001/gvo00125/vsc43619/diel_cycles/data/assembly/rnaSPAdes/metatranscriptome.fasta
/data/gent/vo/001/gvo00125/vsc43619/diel_cycles/data/assembly/rnaSPAdes/330_1/transcripts.fasta
/data/gent/vo/001/gvo00125/vsc43619/diel_cycles/data/assembly/rnaSPAdes/330_2/transcripts.fasta
/data/gent/vo/001/gvo00125/vsc43619/diel_cycles/data/assembly/rnaSPAdes/330_3/transcripts.fasta
/data/gent/vo/001/gvo00125/vsc43619/diel_cycles/data/assembly/rnaSPAdes/330_4/transcripts.fasta
/data/gent/vo/001/gvo00125/vsc43619/diel_cycles/data/assembly/rnaSPAdes/330_5/transcripts.fasta
/data/gent/vo/001/gvo00125/vsc43619/diel_cycles/data/assembly/rnaSPAdes/330_6/transcripts.fasta
/data/gent/vo/001/gvo00125/vsc43619/diel_cycles/data/assembly/rnaSPAdes/330_7/transcripts.fasta
/data/gent/vo/001/gvo00125/vsc43619/diel_cycles/data/assembly/rnaSPAdes/330_8/transcripts.fasta
/data/gent/vo/001/gvo00125/vsc43619/diel_cycles/data/assembly/rnaSPAdes/330_9/transcripts.fasta
/data/gent/vo/001/gvo00125/vsc43619/diel_cycles/data/assembly/rnaSPAdes/330_10/transcripts.fasta
/data/gent/vo/001/gvo00125/vsc43619/diel_cycles/data/assembly/rnaSPAdes/330_11/transcripts.fasta
/data/gent/vo/001/gvo00125/vsc43619/diel_cycles/data/assembly/rnaSPAdes/330_12/transcripts.fasta
/data/gent/vo/001/gvo00125/vsc43619/diel_cycles/data/assembly/rnaSPAdes/330_13/transcripts.fasta
/data/gent/vo/001/gvo00125/vsc43619/diel_cycles/data/assembly/rnaSPAdes/330_14/transcripts.fasta
/data/gent/vo/001/gvo00125/vsc43619/diel_cycles/data/assembly/rnaSPAdes/330_15/transcripts.fasta
/data/gent/vo/001/gvo00125/vsc43619/diel_cycles/data/assembly/rnaSPAdes/330_16/transcripts.fasta
/data/gent/vo/001/gvo00125/vsc43619/diel_cycles/data/assembly/rnaSPAdes/330_17/transcripts.fasta
/data/gent/vo/001/gvo00125/vsc43619/diel_cycles/data/assembly/rnaSPAdes/330_18/transcripts.fasta
/data/gent/vo/001/gvo00125/vsc43619/diel_cycles/data/assembly/rnaSPAdes/330_19/transcripts.fasta
/data/gent/vo/001/gvo00125/vsc43619/diel_cycles/data/assembly/rnaSPAdes/330_20/transcripts.fasta
/data/gent/vo/001/gvo00125/vsc43619/diel_cycles/data/assembly/rnaSPAdes/330_21/transcripts.fasta
/data/gent/vo/001/gvo00125/vsc43619/diel_cycles/data/assembly/rnaSPAdes/330_22/transcripts.fasta
/data/gent/vo/001/gvo00125/vsc43619/diel_cycles/data/assembly/rnaSPAdes/330_23/transcripts.fasta
/data/gent/vo/001/gvo00125/vsc43619/diel_cycles/data/assembly/rnaSPAdes/330_24/transcripts.fasta
/data/gent/vo/001/gvo00125/vsc43619/diel_cycles/data/assembly/rnaSPAdes/330_25/transcripts.fasta
/data/gent/vo/001/gvo00125/vsc43619/diel_cycles/data/assembly/protein/metatranscriptome_mmseqsDB
/data/gent/vo/001/gvo00125/shared/ref_dbs/eukprot/eukprot
/data/gent/vo/001/gvo00125/vsc43619/diel_cycles/data/assembly/protein/metatranscriptome.pep
/data/gent/vo/001/gvo00125/vsc43619/diel_cycles/data/assembly/rnaSPAdes/final_metatranscriptome.fasta
/data/gent/vo/001/gvo00125/vsc43619/diel_cycles/data/assembly/protein/pfam_mmseqs_hits.m8
/data/gent/vo/001/gvo00125/vsc43619/diel_cycles/data/assembly/protein/final_metatranscriptome.fasta.transdecoder_dir/longest_orfs.pep
/data/gent/vo/001/gvo00125/vsc43619/diel_cycles/data/scratch/longest_orfs_mmseqs_db
/data/gent/vo/001/gvo00125/shared/ref_dbs/pfam/pfam_mmseqs_db
/data/gent/vo/001/gvo00125/vsc43619/diel_cycles/data/assembly/protein/final_metatranscriptome.fasta.transdecoder_dir/longest_orfs.pep
/data/gent/vo/001/gvo00125/vsc43619/diel_cycles/data/assembly/rnaSPAdes/final_metatranscriptome.fasta
/data/gent/vo/001/gvo00125/shared/ref_dbs/pfam/Pfam-A.full.gz
/data/gent/vo/001/gvo00125/shared/ref_dbs/eukprot/eukprot.reference.fasta.gz
/data/gent/vo/001/gvo00125/vsc43619/diel_cycles/data/assembly/protein/metatranscriptome.pep
/data/gent/vo/001/gvo00125/vsc43619/diel_cycles/data/scratch/cleanup/330_1_1.clean.fastq.gz
/data/gent/vo/001/gvo00125/vsc43619/diel_cycles/data/scratch/cleanup/330_1_2.clean.fastq.gz
/data/gent/vo/001/gvo00125/vsc43619/diel_cycles/data/assembly/rnaSPAdes/final_metatranscriptome.idx
/data/gent/vo/001/gvo00125/vsc43619/diel_cycles/data/assembly/rnaSPAdes/final_metatranscriptome.fasta
/data/gent/vo/001/gvo00125/vsc43619/diel_cycles/data/scratch/cleanup/330_2_1.clean.fastq.gz
/data/gent/vo/001/gvo00125/vsc43619/diel_cycles/data/scratch/cleanup/330_2_2.clean.fastq.gz
/data/gent/vo/001/gvo00125/vsc43619/diel_cycles/data/assembly/rnaSPAdes/final_metatranscriptome.idx
/data/gent/vo/001/gvo00125/vsc43619/diel_cycles/data/scratch/cleanup/330_3_1.clean.fastq.gz
/data/gent/vo/001/gvo00125/vsc43619/diel_cycles/data/scratch/cleanup/330_3_2.clean.fastq.gz
/data/gent/vo/001/gvo00125/vsc43619/diel_cycles/data/assembly/rnaSPAdes/final_metatranscriptome.idx
/data/gent/vo/001/gvo00125/vsc43619/diel_cycles/data/scratch/cleanup/330_4_1.clean.fastq.gz
/data/gent/vo/001/gvo00125/vsc43619/diel_cycles/data/scratch/cleanup/330_4_2.clean.fastq.gz
/data/gent/vo/001/gvo00125/vsc43619/diel_cycles/data/assembly/rnaSPAdes/final_metatranscriptome.idx
/data/gent/vo/001/gvo00125/vsc43619/diel_cycles/data/scratch/cleanup/330_5_1.clean.fastq.gz
/data/gent/vo/001/gvo00125/vsc43619/diel_cycles/data/scratch/cleanup/330_5_2.clean.fastq.gz
/data/gent/vo/001/gvo00125/vsc43619/diel_cycles/data/assembly/rnaSPAdes/final_metatranscriptome.idx
/data/gent/vo/001/gvo00125/vsc43619/diel_cycles/data/scratch/cleanup/330_6_1.clean.fastq.gz
/data/gent/vo/001/gvo00125/vsc43619/diel_cycles/data/scratch/cleanup/330_6_2.clean.fastq.gz
/data/gent/vo/001/gvo00125/vsc43619/diel_cycles/data/assembly/rnaSPAdes/final_metatranscriptome.idx
/data/gent/vo/001/gvo00125/vsc43619/diel_cycles/data/scratch/cleanup/330_7_1.clean.fastq.gz
/data/gent/vo/001/gvo00125/vsc43619/diel_cycles/data/scratch/cleanup/330_7_2.clean.fastq.gz
/data/gent/vo/001/gvo00125/vsc43619/diel_cycles/data/assembly/rnaSPAdes/final_metatranscriptome.idx
/data/gent/vo/001/gvo00125/vsc43619/diel_cycles/data/scratch/cleanup/330_8_1.clean.fastq.gz
/data/gent/vo/001/gvo00125/vsc43619/diel_cycles/data/scratch/cleanup/330_8_2.clean.fastq.gz
/data/gent/vo/001/gvo00125/vsc43619/diel_cycles/data/assembly/rnaSPAdes/final_metatranscriptome.idx
/data/gent/vo/001/gvo00125/vsc43619/diel_cycles/data/scratch/cleanup/330_9_1.clean.fastq.gz
/data/gent/vo/001/gvo00125/vsc43619/diel_cycles/data/scratch/cleanup/330_9_2.clean.fastq.gz
/data/gent/vo/001/gvo00125/vsc43619/diel_cycles/data/assembly/rnaSPAdes/final_metatranscriptome.idx
/data/gent/vo/001/gvo00125/vsc43619/diel_cycles/data/scratch/cleanup/330_10_1.clean.fastq.gz
/data/gent/vo/001/gvo00125/vsc43619/diel_cycles/data/scratch/cleanup/330_10_2.clean.fastq.gz
/data/gent/vo/001/gvo00125/vsc43619/diel_cycles/data/assembly/rnaSPAdes/final_metatranscriptome.idx
/data/gent/vo/001/gvo00125/vsc43619/diel_cycles/data/scratch/cleanup/330_11_1.clean.fastq.gz
/data/gent/vo/001/gvo00125/vsc43619/diel_cycles/data/scratch/cleanup/330_11_2.clean.fastq.gz
/data/gent/vo/001/gvo00125/vsc43619/diel_cycles/data/assembly/rnaSPAdes/final_metatranscriptome.idx
/data/gent/vo/001/gvo00125/vsc43619/diel_cycles/data/scratch/cleanup/330_12_1.clean.fastq.gz
/data/gent/vo/001/gvo00125/vsc43619/diel_cycles/data/scratch/cleanup/330_12_2.clean.fastq.gz
/data/gent/vo/001/gvo00125/vsc43619/diel_cycles/data/assembly/rnaSPAdes/final_metatranscriptome.idx
/data/gent/vo/001/gvo00125/vsc43619/diel_cycles/data/scratch/cleanup/330_13_1.clean.fastq.gz
/data/gent/vo/001/gvo00125/vsc43619/diel_cycles/data/scratch/cleanup/330_13_2.clean.fastq.gz
/data/gent/vo/001/gvo00125/vsc43619/diel_cycles/data/assembly/rnaSPAdes/final_metatranscriptome.idx
/data/gent/vo/001/gvo00125/vsc43619/diel_cycles/data/scratch/cleanup/330_14_1.clean.fastq.gz
/data/gent/vo/001/gvo00125/vsc43619/diel_cycles/data/scratch/cleanup/330_14_2.clean.fastq.gz
/data/gent/vo/001/gvo00125/vsc43619/diel_cycles/data/assembly/rnaSPAdes/final_metatranscriptome.idx
/data/gent/vo/001/gvo00125/vsc43619/diel_cycles/data/scratch/cleanup/330_15_1.clean.fastq.gz
/data/gent/vo/001/gvo00125/vsc43619/diel_cycles/data/scratch/cleanup/330_15_2.clean.fastq.gz
/data/gent/vo/001/gvo00125/vsc43619/diel_cycles/data/assembly/rnaSPAdes/final_metatranscriptome.idx
/data/gent/vo/001/gvo00125/vsc43619/diel_cycles/data/scratch/cleanup/330_16_1.clean.fastq.gz
/data/gent/vo/001/gvo00125/vsc43619/diel_cycles/data/scratch/cleanup/330_16_2.clean.fastq.gz
/data/gent/vo/001/gvo00125/vsc43619/diel_cycles/data/assembly/rnaSPAdes/final_metatranscriptome.idx
/data/gent/vo/001/gvo00125/vsc43619/diel_cycles/data/scratch/cleanup/330_17_1.clean.fastq.gz
/data/gent/vo/001/gvo00125/vsc43619/diel_cycles/data/scratch/cleanup/330_17_2.clean.fastq.gz
/data/gent/vo/001/gvo00125/vsc43619/diel_cycles/data/assembly/rnaSPAdes/final_metatranscriptome.idx
/data/gent/vo/001/gvo00125/vsc43619/diel_cycles/data/scratch/cleanup/330_18_1.clean.fastq.gz
/data/gent/vo/001/gvo00125/vsc43619/diel_cycles/data/scratch/cleanup/330_18_2.clean.fastq.gz
/data/gent/vo/001/gvo00125/vsc43619/diel_cycles/data/assembly/rnaSPAdes/final_metatranscriptome.idx
/data/gent/vo/001/gvo00125/vsc43619/diel_cycles/data/scratch/cleanup/330_19_1.clean.fastq.gz
/data/gent/vo/001/gvo00125/vsc43619/diel_cycles/data/scratch/cleanup/330_19_2.clean.fastq.gz
/data/gent/vo/001/gvo00125/vsc43619/diel_cycles/data/assembly/rnaSPAdes/final_metatranscriptome.idx
/data/gent/vo/001/gvo00125/vsc43619/diel_cycles/data/scratch/cleanup/330_20_1.clean.fastq.gz
/data/gent/vo/001/gvo00125/vsc43619/diel_cycles/data/scratch/cleanup/330_20_2.clean.fastq.gz
/data/gent/vo/001/gvo00125/vsc43619/diel_cycles/data/assembly/rnaSPAdes/final_metatranscriptome.idx
/data/gent/vo/001/gvo00125/vsc43619/diel_cycles/data/scratch/cleanup/330_21_1.clean.fastq.gz
/data/gent/vo/001/gvo00125/vsc43619/diel_cycles/data/scratch/cleanup/330_21_2.clean.fastq.gz
/data/gent/vo/001/gvo00125/vsc43619/diel_cycles/data/assembly/rnaSPAdes/final_metatranscriptome.idx
/data/gent/vo/001/gvo00125/vsc43619/diel_cycles/data/scratch/cleanup/330_22_1.clean.fastq.gz
/data/gent/vo/001/gvo00125/vsc43619/diel_cycles/data/scratch/cleanup/330_22_2.clean.fastq.gz
/data/gent/vo/001/gvo00125/vsc43619/diel_cycles/data/assembly/rnaSPAdes/final_metatranscriptome.idx
/data/gent/vo/001/gvo00125/vsc43619/diel_cycles/data/scratch/cleanup/330_23_1.clean.fastq.gz
/data/gent/vo/001/gvo00125/vsc43619/diel_cycles/data/scratch/cleanup/330_23_2.clean.fastq.gz
/data/gent/vo/001/gvo00125/vsc43619/diel_cycles/data/assembly/rnaSPAdes/final_metatranscriptome.idx
/data/gent/vo/001/gvo00125/vsc43619/diel_cycles/data/scratch/cleanup/330_24_1.clean.fastq.gz
/data/gent/vo/001/gvo00125/vsc43619/diel_cycles/data/scratch/cleanup/330_24_2.clean.fastq.gz
/data/gent/vo/001/gvo00125/vsc43619/diel_cycles/data/assembly/rnaSPAdes/final_metatranscriptome.idx
/data/gent/vo/001/gvo00125/vsc43619/diel_cycles/data/scratch/cleanup/330_25_1.clean.fastq.gz
/data/gent/vo/001/gvo00125/vsc43619/diel_cycles/data/scratch/cleanup/330_25_2.clean.fastq.gz
/data/gent/vo/001/gvo00125/vsc43619/diel_cycles/data/assembly/rnaSPAdes/final_metatranscriptome.idx
