/data/gent/vo/001/gvo00125/vsc43619/diel_cycles/data/quantification/330_11
/data/gent/vo/001/gvo00125/vsc43619/diel_cycles/data/quantification/330_9
/data/gent/vo/001/gvo00125/vsc43619/diel_cycles/data/quantification/330_24
/data/gent/vo/001/gvo00125/vsc43619/diel_cycles/data/quantification/330_7
/data/gent/vo/001/gvo00125/vsc43619/diel_cycles/data/quantification/330_22
/data/gent/vo/001/gvo00125/vsc43619/diel_cycles/data/quantification/330_20
/data/gent/vo/001/gvo00125/vsc43619/diel_cycles/data/quantification/330_5
/data/gent/vo/001/gvo00125/vsc43619/diel_cycles/data/quantification/330_3
/data/gent/vo/001/gvo00125/vsc43619/diel_cycles/data/quantification/330_18
/data/gent/vo/001/gvo00125/vsc43619/diel_cycles/data/quantification/330_16
/data/gent/vo/001/gvo00125/vsc43619/diel_cycles/data/quantification/330_14
/data/gent/vo/001/gvo00125/vsc43619/diel_cycles/data/assembly/protein/pfam_mmseqs_hits.m8
/data/gent/vo/001/gvo00125/vsc43619/diel_cycles/data/quantification/330_12
/data/gent/vo/001/gvo00125/vsc43619/diel_cycles/data/quantification/330_25
/data/gent/vo/001/gvo00125/vsc43619/diel_cycles/data/quantification/330_10
/data/gent/vo/001/gvo00125/vsc43619/diel_cycles/data/quantification/330_8
/data/gent/vo/001/gvo00125/vsc43619/diel_cycles/data/quantification/330_23
/data/gent/vo/001/gvo00125/vsc43619/diel_cycles/data/assembly/rnaSPAdes/final_metatranscriptome.idx
/data/gent/vo/001/gvo00125/vsc43619/diel_cycles/data/scratch/longest_orfs_mmseqs_db
/data/gent/vo/001/gvo00125/vsc43619/diel_cycles/data/annotation/taxonomy_eukprot/eukprot_annotation.m8
/data/gent/vo/001/gvo00125/vsc43619/diel_cycles/data/assembly/protein/final_metatranscriptome.fasta.transdecoder_dir/longest_orfs.pep
/data/gent/vo/001/gvo00125/vsc43619/diel_cycles/data/quantification/330_6
/data/gent/vo/001/gvo00125/vsc43619/diel_cycles/data/quantification/330_21
/data/gent/vo/001/gvo00125/vsc43619/diel_cycles/data/quantification/330_4
/data/gent/vo/001/gvo00125/vsc43619/diel_cycles/data/assembly/rnaSPAdes/final_metatranscriptome.fasta
/data/gent/vo/001/gvo00125/vsc43619/diel_cycles/data/quantification/330_19
/data/gent/vo/001/gvo00125/vsc43619/diel_cycles/data/quantification/330_2
/data/gent/vo/001/gvo00125/vsc43619/diel_cycles/data/quantification/330_17
/data/gent/vo/001/gvo00125/vsc43619/diel_cycles/data/quantification/330_1
/data/gent/vo/001/gvo00125/vsc43619/diel_cycles/data/annotation/functional_eggnog/functional_annotation.emapper.annotations
/data/gent/vo/001/gvo00125/vsc43619/diel_cycles/data/quantification/330_15
/data/gent/vo/001/gvo00125/vsc43619/diel_cycles/data/assembly/protein/metatranscriptome_mmseqsDB
/data/gent/vo/001/gvo00125/vsc43619/diel_cycles/data/quantification/330_13
/data/gent/vo/001/gvo00125/vsc43619/diel_cycles/data/assembly/protein/metatranscriptome.bed
/data/gent/vo/001/gvo00125/vsc43619/diel_cycles/data/assembly/protein/metatranscriptome.cds
/data/gent/vo/001/gvo00125/vsc43619/diel_cycles/data/assembly/protein/metatranscriptome.gff3
/data/gent/vo/001/gvo00125/vsc43619/diel_cycles/data/assembly/protein/metatranscriptome.pep
